
Microsoft Visual Studio Solution File, Format Version 12.00
# Visual Studio Version 16
VisualStudioVersion = 16.0.30804.86
MinimumVisualStudioVersion = 10.0.40219.1
Project("{FAE04EC0-301F-11D3-BF4B-00C04F79EFBC}") = "btl_csdl", "btl_csdl\btl_csdl.csproj", "{8F5B6EAB-BC65-4EA8-B9E3-95FF1C18C5DC}"
EndProject
Global
	GlobalSection(SolutionConfigurationPlatforms) = preSolution
		Debug|Any CPU = Debug|Any CPU
		Release|Any CPU = Release|Any CPU
	EndGlobalSection
	GlobalSection(ProjectConfigurationPlatforms) = postSolution
		{8F5B6EAB-BC65-4EA8-B9E3-95FF1C18C5DC}.Debug|Any CPU.ActiveCfg = Debug|Any CPU
		{8F5B6EAB-BC65-4EA8-B9E3-95FF1C18C5DC}.Debug|Any CPU.Build.0 = Debug|Any CPU
		{8F5B6EAB-BC65-4EA8-B9E3-95FF1C18C5DC}.Release|Any CPU.ActiveCfg = Release|Any CPU
		{8F5B6EAB-BC65-4EA8-B9E3-95FF1C18C5DC}.Release|Any CPU.Build.0 = Release|Any CPU
	EndGlobalSection
	GlobalSection(SolutionProperties) = preSolution
		HideSolutionNode = FALSE
	EndGlobalSection
	GlobalSection(ExtensibilityGlobals) = postSolution
		SolutionGuid = {52D691A4-4F64-44A9-B7B9-F3D6CE45D684}
	EndGlobalSection
EndGlobal
